%{
  "earmark_parser": {:hex, :earmark_parser, "1.4.41", "ab34711c9dc6212dda44fcd20ecb87ac3f3fce6f0ca2f28d4a00e4154f8cd599", [:mix], [], "hexpm", "a81a04c7e34b6617c2792e291b5a2e57ab316365c2644ddc553bb9ed863ebefa"},
  "ex_curl": {:hex, :ex_curl, "0.3.0", "09f25e2ec40c2966eb846da54e3e4b491ec2de8d9914c17d4b0c7d2e4b0a8d2c", [:mix], [{:zigler, "~> 0.13", [hex: :zigler, repo: "hexpm", optional: false]}], "hexpm", "440f37309794270d541b8fc3be9f8a004a18c9a8b78d083cc71f6116399c1a4d"},
  "ex_doc": {:hex, :ex_doc, "0.35.1", "de804c590d3df2d9d5b8aec77d758b00c814b356119b3d4455e4b8a8687aecaf", [:mix], [{:earmark_parser, "~> 1.4.39", [hex: :earmark_parser, repo: "hexpm", optional: false]}, {:makeup_c, ">= 0.1.0", [hex: :makeup_c, repo: "hexpm", optional: true]}, {:makeup_elixir, "~> 0.14 or ~> 1.0", [hex: :makeup_elixir, repo: "hexpm", optional: false]}, {:makeup_erlang, "~> 0.1 or ~> 1.0", [hex: :makeup_erlang, repo: "hexpm", optional: false]}, {:makeup_html, ">= 0.1.0", [hex: :makeup_html, repo: "hexpm", optional: true]}], "hexpm", "2121c6402c8d44b05622677b761371a759143b958c6c19f6558ff64d0aed40df"},
  "jason": {:hex, :jason, "1.4.4", "b9226785a9aa77b6857ca22832cffa5d5011a667207eb2a0ad56adb5db443b8a", [:mix], [{:decimal, "~> 1.0 or ~> 2.0", [hex: :decimal, repo: "hexpm", optional: true]}], "hexpm", "c5eb0cab91f094599f94d55bc63409236a8ec69a21a67814529e8d5f6cc90b3b"},
  "kino": {:hex, :kino, "0.8.1", "da3b2cba121b7542146cffdb8af055fa0129395fa67aead9e7e3df93aed1f107", [:mix], [{:nx, "~> 0.1", [hex: :nx, repo: "hexpm", optional: true]}, {:table, "~> 0.1.2", [hex: :table, repo: "hexpm", optional: false]}], "hexpm", "da45dd141db30db18973de0e3398bda3ab8cb0b5da58d6a0debbe5b864aba295"},
  "makeup": {:hex, :makeup, "1.2.1", "e90ac1c65589ef354378def3ba19d401e739ee7ee06fb47f94c687016e3713d1", [:mix], [{:nimble_parsec, "~> 1.4", [hex: :nimble_parsec, repo: "hexpm", optional: false]}], "hexpm", "d36484867b0bae0fea568d10131197a4c2e47056a6fbe84922bf6ba71c8d17ce"},
  "makeup_elixir": {:hex, :makeup_elixir, "1.0.1", "e928a4f984e795e41e3abd27bfc09f51db16ab8ba1aebdba2b3a575437efafc2", [:mix], [{:makeup, "~> 1.0", [hex: :makeup, repo: "hexpm", optional: false]}, {:nimble_parsec, "~> 1.2.3 or ~> 1.3", [hex: :nimble_parsec, repo: "hexpm", optional: false]}], "hexpm", "7284900d412a3e5cfd97fdaed4f5ed389b8f2b4cb49efc0eb3bd10e2febf9507"},
  "makeup_erlang": {:hex, :makeup_erlang, "1.0.1", "c7f58c120b2b5aa5fd80d540a89fdf866ed42f1f3994e4fe189abebeab610839", [:mix], [{:makeup, "~> 1.0", [hex: :makeup, repo: "hexpm", optional: false]}], "hexpm", "8a89a1eeccc2d798d6ea15496a6e4870b75e014d1af514b1b71fa33134f57814"},
  "nimble_parsec": {:hex, :nimble_parsec, "1.4.0", "51f9b613ea62cfa97b25ccc2c1b4216e81df970acd8e16e8d1bdc58fef21370d", [:mix], [], "hexpm", "9c565862810fb383e9838c1dd2d7d2c437b3d13b267414ba6af33e50d2d1cf28"},
  "pegasus": {:hex, :pegasus, "0.2.5", "38123461fe41add54f715ce41f89137a31cd217d353005b057f88b9b67c39b6f", [:mix], [{:nimble_parsec, "~> 1.2", [hex: :nimble_parsec, repo: "hexpm", optional: false]}], "hexpm", "ee80708608807f4447f1da1e6e0ebd9604f5bda4fbe2d4bdd9aa6dd67afde020"},
  "protoss": {:hex, :protoss, "0.2.1", "fcf437ed65178d6cbf9a600886e3da9f7173697223972f062ee593941c2588b1", [:mix], [], "hexpm", "2261dbdc4d5913ce1e88d1410108d97f21140a118f45f6acc3edc4ecdb952052"},
  "table": {:hex, :table, "0.1.2", "87ad1125f5b70c5dea0307aa633194083eb5182ec537efc94e96af08937e14a8", [:mix], [], "hexpm", "7e99bc7efef806315c7e65640724bf165c3061cdc5d854060f74468367065029"},
  "zig_get": {:hex, :zig_get, "0.13.1", "0c5ba23e8ed9bfabb22ddee3f728fe382b72db057423956549e71c9a33aed090", [:mix], [{:jason, "~> 1.4", [hex: :jason, repo: "hexpm", optional: false]}], "hexpm", "bb05db6ed83a72e3100ab0110aad0f3c81ea005f9e85f22c63c3527a82257b4f"},
  "zig_parser": {:hex, :zig_parser, "0.4.0", "5230576fcea30c061f08f6053448ad3dc5194a45485065564a7f8047bb351ce9", [:mix], [{:pegasus, "~> 0.2.4", [hex: :pegasus, repo: "hexpm", optional: false]}], "hexpm", "ec54cf14e80a1485e29a80b42756d0421426db81eb9e2630721fd46ab5c21bcb"},
  "zigler": {:hex, :zigler, "0.13.3", "18f9a1b4d230154156b9955b209fbd85c4195d5b35e0d55dae5d3a48c646e8c8", [:mix], [{:jason, "~> 1.4", [hex: :jason, repo: "hexpm", optional: false]}, {:protoss, "~> 0.2", [hex: :protoss, repo: "hexpm", optional: false]}, {:zig_get, "0.13.1", [hex: :zig_get, repo: "hexpm", optional: false]}, {:zig_parser, "~> 0.4.0", [hex: :zig_parser, repo: "hexpm", optional: false]}], "hexpm", "b83bfd7c8bfad275cc59a4816846b2c863f1dcf9842303323bf3110ac2597134"},
}
